
Microsoft Visual Studio Solution File, Format Version 12.00
# Visual Studio Version 16
VisualStudioVersion = 16.0.31205.134
MinimumVisualStudioVersion = 10.0.40219.1
Project("{FAE04EC0-301F-11D3-BF4B-00C04F79EFBC}") = "GestionEcole1", "GestionEcole1\GestionEcole1.csproj", "{C25BE13A-25BF-4F96-ADC8-39EAB81221C6}"
EndProject
Global
	GlobalSection(SolutionConfigurationPlatforms) = preSolution
		Debug|Any CPU = Debug|Any CPU
		Release|Any CPU = Release|Any CPU
	EndGlobalSection
	GlobalSection(ProjectConfigurationPlatforms) = postSolution
		{C25BE13A-25BF-4F96-ADC8-39EAB81221C6}.Debug|Any CPU.ActiveCfg = Debug|Any CPU
		{C25BE13A-25BF-4F96-ADC8-39EAB81221C6}.Debug|Any CPU.Build.0 = Debug|Any CPU
		{C25BE13A-25BF-4F96-ADC8-39EAB81221C6}.Release|Any CPU.ActiveCfg = Release|Any CPU
		{C25BE13A-25BF-4F96-ADC8-39EAB81221C6}.Release|Any CPU.Build.0 = Release|Any CPU
	EndGlobalSection
	GlobalSection(SolutionProperties) = preSolution
		HideSolutionNode = FALSE
	EndGlobalSection
	GlobalSection(ExtensibilityGlobals) = postSolution
		SolutionGuid = {39D64F8D-C7B0-4F77-A135-A923E19780BB}
	EndGlobalSection
EndGlobal
